
Microsoft Visual Studio Solution File, Format Version 12.00
# Visual Studio Version 17
VisualStudioVersion = 17.3.32721.290
MinimumVisualStudioVersion = 10.0.40219.1
Project("{FAE04EC0-301F-11D3-BF4B-00C04F79EFBC}") = "DragDropImage", "DragDropImage\DragDropImage.csproj", "{12A553FE-3D02-4320-ADF7-FCCC3D749486}"
EndProject
Global
	GlobalSection(SolutionConfigurationPlatforms) = preSolution
		Debug|Any CPU = Debug|Any CPU
		Release|Any CPU = Release|Any CPU
	EndGlobalSection
	GlobalSection(ProjectConfigurationPlatforms) = postSolution
		{12A553FE-3D02-4320-ADF7-FCCC3D749486}.Debug|Any CPU.ActiveCfg = Debug|Any CPU
		{12A553FE-3D02-4320-ADF7-FCCC3D749486}.Debug|Any CPU.Build.0 = Debug|Any CPU
		{12A553FE-3D02-4320-ADF7-FCCC3D749486}.Release|Any CPU.ActiveCfg = Release|Any CPU
		{12A553FE-3D02-4320-ADF7-FCCC3D749486}.Release|Any CPU.Build.0 = Release|Any CPU
	EndGlobalSection
	GlobalSection(SolutionProperties) = preSolution
		HideSolutionNode = FALSE
	EndGlobalSection
	GlobalSection(ExtensibilityGlobals) = postSolution
		SolutionGuid = {634846FF-F2DB-4110-8208-487860F5AFFB}
	EndGlobalSection
EndGlobal
